
Microsoft Visual Studio Solution File, Format Version 12.00
# Visual Studio 15
VisualStudioVersion = 15.0.28307.779
MinimumVisualStudioVersion = 10.0.40219.1
Project("{FAE04EC0-301F-11D3-BF4B-00C04F79EFBC}") = "SanjF", "SanjF\SanjF.csproj", "{735474D4-72B3-415C-A775-0AF23AD2B65F}"
EndProject
Global
	GlobalSection(SolutionConfigurationPlatforms) = preSolution
		Debug|Any CPU = Debug|Any CPU
		Release|Any CPU = Release|Any CPU
	EndGlobalSection
	GlobalSection(ProjectConfigurationPlatforms) = postSolution
		{735474D4-72B3-415C-A775-0AF23AD2B65F}.Debug|Any CPU.ActiveCfg = Debug|Any CPU
		{735474D4-72B3-415C-A775-0AF23AD2B65F}.Debug|Any CPU.Build.0 = Debug|Any CPU
		{735474D4-72B3-415C-A775-0AF23AD2B65F}.Release|Any CPU.ActiveCfg = Release|Any CPU
		{735474D4-72B3-415C-A775-0AF23AD2B65F}.Release|Any CPU.Build.0 = Release|Any CPU
	EndGlobalSection
	GlobalSection(SolutionProperties) = preSolution
		HideSolutionNode = FALSE
	EndGlobalSection
	GlobalSection(ExtensibilityGlobals) = postSolution
		SolutionGuid = {8294E59D-17A1-4D86-A442-58E7E0A65D26}
	EndGlobalSection
EndGlobal
